
Microsoft Visual Studio Solution File, Format Version 12.00
# Visual Studio Version 16
VisualStudioVersion = 16.0.30611.23
MinimumVisualStudioVersion = 10.0.40219.1
Project("{FAE04EC0-301F-11D3-BF4B-00C04F79EFBC}") = "Projector service app", "Projector service app.csproj", "{ED007F2E-2C67-4846-A694-8828C6CF96D9}"
EndProject
Global
	GlobalSection(SolutionConfigurationPlatforms) = preSolution
		Debug|Any CPU = Debug|Any CPU
		Release|Any CPU = Release|Any CPU
	EndGlobalSection
	GlobalSection(ProjectConfigurationPlatforms) = postSolution
		{ED007F2E-2C67-4846-A694-8828C6CF96D9}.Debug|Any CPU.ActiveCfg = Debug|Any CPU
		{ED007F2E-2C67-4846-A694-8828C6CF96D9}.Debug|Any CPU.Build.0 = Debug|Any CPU
		{ED007F2E-2C67-4846-A694-8828C6CF96D9}.Release|Any CPU.ActiveCfg = Release|Any CPU
		{ED007F2E-2C67-4846-A694-8828C6CF96D9}.Release|Any CPU.Build.0 = Release|Any CPU
	EndGlobalSection
	GlobalSection(SolutionProperties) = preSolution
		HideSolutionNode = FALSE
	EndGlobalSection
	GlobalSection(ExtensibilityGlobals) = postSolution
		SolutionGuid = {0D184B8C-C85D-4D6E-847D-F77802D03770}
	EndGlobalSection
EndGlobal
